%{"bypass": {:hex, :bypass, "0.5.1"},
  "certifi": {:hex, :certifi, "0.3.0"},
  "cowboy": {:hex, :cowboy, "1.0.4"},
  "cowlib": {:hex, :cowlib, "1.0.2"},
  "earmark": {:hex, :earmark, "0.2.1"},
  "ex_doc": {:hex, :ex_doc, "0.11.4"},
  "excoveralls": {:hex, :excoveralls, "0.4.6"},
  "exjsx": {:hex, :exjsx, "3.2.0"},
  "hackney": {:hex, :hackney, "1.4.8"},
  "httpoison": {:hex, :httpoison, "0.8.1"},
  "idna": {:hex, :idna, "1.0.3"},
  "jsx": {:hex, :jsx, "2.6.2"},
  "mimerl": {:hex, :mimerl, "1.0.2"},
  "mimetype_parser": {:hex, :mimetype_parser, "0.1.1"},
  "plug": {:hex, :plug, "1.1.0"},
  "poison": {:hex, :poison, "2.0.1"},
  "ranch": {:hex, :ranch, "1.2.1"},
  "ssl_verify_hostname": {:hex, :ssl_verify_hostname, "1.0.5"}}
